// !$*UTF8*$!
{
	archiveVersion = 1;
	classes = {
	};
	objectVersion = 52;
	objects = {

/* Begin PBXBuildFile section */
		4707C9F1238A5B6F00871B0A /* StudentClassChatViewController.swift in Sources */ = {isa = PBXBuildFile; fileRef = 4707C9F0238A5B6F00871B0A /* StudentClassChatViewController.swift */; };
		4718962C23B320C800F34C17 /* Answer.swift in Sources */ = {isa = PBXBuildFile; fileRef = 4718962B23B320C800F34C17 /* Answer.swift */; };
		476D3B0824218FC800C3200A /* ForgotPasswordViewController.swift in Sources */ = {isa = PBXBuildFile; fileRef = 476D3B0724218FC800C3200A /* ForgotPasswordViewController.swift */; };
		47719D752389DF0200FC5350 /* GoogleService-Info.plist in Resources */ = {isa = PBXBuildFile; fileRef = 47719D742389DF0200FC5350 /* GoogleService-Info.plist */; };
		47719D822389E9A600FC5350 /* LoginViewController.swift in Sources */ = {isa = PBXBuildFile; fileRef = 47719D812389E9A600FC5350 /* LoginViewController.swift */; };
		47719D842389E9C500FC5350 /* TeachersClassChatViewController.swift in Sources */ = {isa = PBXBuildFile; fileRef = 47719D832389E9C500FC5350 /* TeachersClassChatViewController.swift */; };
		47719D882389EA1300FC5350 /* ChecklistViewController.swift in Sources */ = {isa = PBXBuildFile; fileRef = 47719D872389EA1300FC5350 /* ChecklistViewController.swift */; };
		4789B4D223CEC53000293268 /* messageSelfCell.swift in Sources */ = {isa = PBXBuildFile; fileRef = 4789B4D023CEC53000293268 /* messageSelfCell.swift */; };
		4789B4D323CEC53000293268 /* messageSelfCell.xib in Resources */ = {isa = PBXBuildFile; fileRef = 4789B4D123CEC53000293268 /* messageSelfCell.xib */; };
		478C88D623DD32560076178A /* IQKeyboardManagerSwift in Frameworks */ = {isa = PBXBuildFile; productRef = 478C88D523DD32560076178A /* IQKeyboardManagerSwift */; };
		47BD5872238A2D2C008FC1D7 /* AddClass.swift in Sources */ = {isa = PBXBuildFile; fileRef = 47BD586E238A2D2C008FC1D7 /* AddClass.swift */; };
		47BD5873238A2D2C008FC1D7 /* AddClass.xib in Resources */ = {isa = PBXBuildFile; fileRef = 47BD586F238A2D2C008FC1D7 /* AddClass.xib */; };
		47BD5874238A2D2C008FC1D7 /* TeacherClasses.swift in Sources */ = {isa = PBXBuildFile; fileRef = 47BD5870238A2D2C008FC1D7 /* TeacherClasses.swift */; };
		47BD5875238A2D2C008FC1D7 /* Class.swift in Sources */ = {isa = PBXBuildFile; fileRef = 47BD5871238A2D2C008FC1D7 /* Class.swift */; };
		47D507A32389D955006E46EE /* AppDelegate.swift in Sources */ = {isa = PBXBuildFile; fileRef = 47D507A22389D955006E46EE /* AppDelegate.swift */; };
		47D507A52389D955006E46EE /* SceneDelegate.swift in Sources */ = {isa = PBXBuildFile; fileRef = 47D507A42389D955006E46EE /* SceneDelegate.swift */; };
		47D507A72389D955006E46EE /* RegisterViewController.swift in Sources */ = {isa = PBXBuildFile; fileRef = 47D507A62389D955006E46EE /* RegisterViewController.swift */; };
		47D507AA2389D955006E46EE /* Main.storyboard in Resources */ = {isa = PBXBuildFile; fileRef = 47D507A82389D955006E46EE /* Main.storyboard */; };
		47D507AC2389D956006E46EE /* Assets.xcassets in Resources */ = {isa = PBXBuildFile; fileRef = 47D507AB2389D956006E46EE /* Assets.xcassets */; };
		47D507AF2389D956006E46EE /* LaunchScreen.storyboard in Resources */ = {isa = PBXBuildFile; fileRef = 47D507AD2389D956006E46EE /* LaunchScreen.storyboard */; };
		596A0BBDB303372907575299 /* Pods_ClassroomConnections.framework in Frameworks */ = {isa = PBXBuildFile; fileRef = 59A37848AAE1EDA0B07366A8 /* Pods_ClassroomConnections.framework */; };
		8951D3B3238A56D1002EC4F5 /* StudentClasses.swift in Sources */ = {isa = PBXBuildFile; fileRef = 8951D3B2238A56D1002EC4F5 /* StudentClasses.swift */; };
		898942E223AFF2DA00DF152B /* replyCell.swift in Sources */ = {isa = PBXBuildFile; fileRef = 898942E023AFF2D900DF152B /* replyCell.swift */; };
		898942E323AFF2DA00DF152B /* replyCell.xib in Resources */ = {isa = PBXBuildFile; fileRef = 898942E123AFF2DA00DF152B /* replyCell.xib */; };
		89E2F1A6243FFEB400138365 /* InstructionsViewController.swift in Sources */ = {isa = PBXBuildFile; fileRef = 89E2F1A5243FFEB400138365 /* InstructionsViewController.swift */; };
		9C6D239C2389F44F0072CE2B /* Message.swift in Sources */ = {isa = PBXBuildFile; fileRef = 9C6D239B2389F44F0072CE2B /* Message.swift */; };
		9C6D23AB238A02620072CE2B /* MessageCell.swift in Sources */ = {isa = PBXBuildFile; fileRef = 9C6D23A9238A02620072CE2B /* MessageCell.swift */; };
		9C6D23AC238A02620072CE2B /* MessageCell.xib in Resources */ = {isa = PBXBuildFile; fileRef = 9C6D23AA238A02620072CE2B /* MessageCell.xib */; };
		9C79F79823AEE96C000CA232 /* AuthHandler.swift in Sources */ = {isa = PBXBuildFile; fileRef = 9C79F79723AEE96C000CA232 /* AuthHandler.swift */; };
		9C79F79A23AEE9A9000CA232 /* AuthHandler.swift in Sources */ = {isa = PBXBuildFile; fileRef = 9C79F79923AEE9A9000CA232 /* AuthHandler.swift */; };
		9C79F79C23AEE9F6000CA232 /* AuthManager.swift in Sources */ = {isa = PBXBuildFile; fileRef = 9C79F79B23AEE9F6000CA232 /* AuthManager.swift */; };
		9CD6EB99238A4EC1000A6A33 /* StudentConflictCalendar.swift in Sources */ = {isa = PBXBuildFile; fileRef = 9CD6EB98238A4EC1000A6A33 /* StudentConflictCalendar.swift */; };
		9CD6EB9B238A8129000A6A33 /* TeacherConflictCalendar.swift in Sources */ = {isa = PBXBuildFile; fileRef = 9CD6EB9A238A8129000A6A33 /* TeacherConflictCalendar.swift */; };
/* End PBXBuildFile section */

/* Begin PBXFileReference section */
		128D7C30F7C0141AF480231D /* Pods-ClassroomConnections.debug.xcconfig */ = {isa = PBXFileReference; includeInIndex = 1; lastKnownFileType = text.xcconfig; name = "Pods-ClassroomConnections.debug.xcconfig"; path = "Target Support Files/Pods-ClassroomConnections/Pods-ClassroomConnections.debug.xcconfig"; sourceTree = "<group>"; };
		4707C9F0238A5B6F00871B0A /* StudentClassChatViewController.swift */ = {isa = PBXFileReference; lastKnownFileType = sourcecode.swift; path = StudentClassChatViewController.swift; sourceTree = "<group>"; };
		4718962B23B320C800F34C17 /* Answer.swift */ = {isa = PBXFileReference; lastKnownFileType = sourcecode.swift; path = Answer.swift; sourceTree = "<group>"; };
		476D3B0724218FC800C3200A /* ForgotPasswordViewController.swift */ = {isa = PBXFileReference; lastKnownFileType = sourcecode.swift; path = ForgotPasswordViewController.swift; sourceTree = "<group>"; };
		47719D742389DF0200FC5350 /* GoogleService-Info.plist */ = {isa = PBXFileReference; fileEncoding = 4; lastKnownFileType = text.plist.xml; path = "GoogleService-Info.plist"; sourceTree = "<group>"; };
		47719D812389E9A600FC5350 /* LoginViewController.swift */ = {isa = PBXFileReference; lastKnownFileType = sourcecode.swift; path = LoginViewController.swift; sourceTree = "<group>"; };
		47719D832389E9C500FC5350 /* TeachersClassChatViewController.swift */ = {isa = PBXFileReference; lastKnownFileType = sourcecode.swift; path = TeachersClassChatViewController.swift; sourceTree = "<group>"; };
		47719D872389EA1300FC5350 /* ChecklistViewController.swift */ = {isa = PBXFileReference; lastKnownFileType = sourcecode.swift; path = ChecklistViewController.swift; sourceTree = "<group>"; };
		4789B4D023CEC53000293268 /* messageSelfCell.swift */ = {isa = PBXFileReference; lastKnownFileType = sourcecode.swift; path = messageSelfCell.swift; sourceTree = "<group>"; };
		4789B4D123CEC53000293268 /* messageSelfCell.xib */ = {isa = PBXFileReference; lastKnownFileType = file.xib; path = messageSelfCell.xib; sourceTree = "<group>"; };
		47BD586E238A2D2C008FC1D7 /* AddClass.swift */ = {isa = PBXFileReference; fileEncoding = 4; lastKnownFileType = sourcecode.swift; path = AddClass.swift; sourceTree = "<group>"; };
		47BD586F238A2D2C008FC1D7 /* AddClass.xib */ = {isa = PBXFileReference; fileEncoding = 4; lastKnownFileType = file.xib; path = AddClass.xib; sourceTree = "<group>"; };
		47BD5870238A2D2C008FC1D7 /* TeacherClasses.swift */ = {isa = PBXFileReference; fileEncoding = 4; lastKnownFileType = sourcecode.swift; path = TeacherClasses.swift; sourceTree = "<group>"; };
		47BD5871238A2D2C008FC1D7 /* Class.swift */ = {isa = PBXFileReference; fileEncoding = 4; lastKnownFileType = sourcecode.swift; path = Class.swift; sourceTree = "<group>"; };
		47D5079F2389D955006E46EE /* ClassroomConnections.app */ = {isa = PBXFileReference; explicitFileType = wrapper.application; includeInIndex = 0; path = ClassroomConnections.app; sourceTree = BUILT_PRODUCTS_DIR; };
		47D507A22389D955006E46EE /* AppDelegate.swift */ = {isa = PBXFileReference; lastKnownFileType = sourcecode.swift; path = AppDelegate.swift; sourceTree = "<group>"; };
		47D507A42389D955006E46EE /* SceneDelegate.swift */ = {isa = PBXFileReference; lastKnownFileType = sourcecode.swift; path = SceneDelegate.swift; sourceTree = "<group>"; };
		47D507A62389D955006E46EE /* RegisterViewController.swift */ = {isa = PBXFileReference; lastKnownFileType = sourcecode.swift; path = RegisterViewController.swift; sourceTree = "<group>"; };
		47D507A92389D955006E46EE /* Base */ = {isa = PBXFileReference; lastKnownFileType = file.storyboard; name = Base; path = Base.lproj/Main.storyboard; sourceTree = "<group>"; };
		47D507AB2389D956006E46EE /* Assets.xcassets */ = {isa = PBXFileReference; lastKnownFileType = folder.assetcatalog; path = Assets.xcassets; sourceTree = "<group>"; };
		47D507AE2389D956006E46EE /* Base */ = {isa = PBXFileReference; lastKnownFileType = file.storyboard; name = Base; path = Base.lproj/LaunchScreen.storyboard; sourceTree = "<group>"; };
		47D507B02389D956006E46EE /* Info.plist */ = {isa = PBXFileReference; lastKnownFileType = text.plist.xml; path = Info.plist; sourceTree = "<group>"; };
		59A37848AAE1EDA0B07366A8 /* Pods_ClassroomConnections.framework */ = {isa = PBXFileReference; explicitFileType = wrapper.framework; includeInIndex = 0; path = Pods_ClassroomConnections.framework; sourceTree = BUILT_PRODUCTS_DIR; };
		8951D3B2238A56D1002EC4F5 /* StudentClasses.swift */ = {isa = PBXFileReference; lastKnownFileType = sourcecode.swift; path = StudentClasses.swift; sourceTree = "<group>"; };
		898942E023AFF2D900DF152B /* replyCell.swift */ = {isa = PBXFileReference; lastKnownFileType = sourcecode.swift; path = replyCell.swift; sourceTree = "<group>"; };
		898942E123AFF2DA00DF152B /* replyCell.xib */ = {isa = PBXFileReference; lastKnownFileType = file.xib; path = replyCell.xib; sourceTree = "<group>"; };
		89E2F1A5243FFEB400138365 /* InstructionsViewController.swift */ = {isa = PBXFileReference; lastKnownFileType = sourcecode.swift; path = InstructionsViewController.swift; sourceTree = "<group>"; };
		9C6D239B2389F44F0072CE2B /* Message.swift */ = {isa = PBXFileReference; lastKnownFileType = sourcecode.swift; path = Message.swift; sourceTree = "<group>"; };
		9C6D23A9238A02620072CE2B /* MessageCell.swift */ = {isa = PBXFileReference; lastKnownFileType = sourcecode.swift; path = MessageCell.swift; sourceTree = "<group>"; };
		9C6D23AA238A02620072CE2B /* MessageCell.xib */ = {isa = PBXFileReference; lastKnownFileType = file.xib; path = MessageCell.xib; sourceTree = "<group>"; };
		9C79F79723AEE96C000CA232 /* AuthHandler.swift */ = {isa = PBXFileReference; lastKnownFileType = sourcecode.swift; name = AuthHandler.swift; path = ClassroomConnections/ViewControllers/AuthHandler.swift; sourceTree = "<group>"; };
		9C79F79923AEE9A9000CA232 /* AuthHandler.swift */ = {isa = PBXFileReference; lastKnownFileType = sourcecode.swift; path = AuthHandler.swift; sourceTree = "<group>"; };
		9C79F79B23AEE9F6000CA232 /* AuthManager.swift */ = {isa = PBXFileReference; lastKnownFileType = sourcecode.swift; path = AuthManager.swift; sourceTree = "<group>"; };
		9CD6EB98238A4EC1000A6A33 /* StudentConflictCalendar.swift */ = {isa = PBXFileReference; lastKnownFileType = sourcecode.swift; path = StudentConflictCalendar.swift; sourceTree = "<group>"; };
		9CD6EB9A238A8129000A6A33 /* TeacherConflictCalendar.swift */ = {isa = PBXFileReference; lastKnownFileType = sourcecode.swift; path = TeacherConflictCalendar.swift; sourceTree = "<group>"; };
		C51E0EFEA1E1F5DBFBDE543B /* Pods-ClassroomConnections.release.xcconfig */ = {isa = PBXFileReference; includeInIndex = 1; lastKnownFileType = text.xcconfig; name = "Pods-ClassroomConnections.release.xcconfig"; path = "Target Support Files/Pods-ClassroomConnections/Pods-ClassroomConnections.release.xcconfig"; sourceTree = "<group>"; };
/* End PBXFileReference section */

/* Begin PBXFrameworksBuildPhase section */
		47D5079C2389D955006E46EE /* Frameworks */ = {
			isa = PBXFrameworksBuildPhase;
			buildActionMask = 2147483647;
			files = (
				478C88D623DD32560076178A /* IQKeyboardManagerSwift in Frameworks */,
				596A0BBDB303372907575299 /* Pods_ClassroomConnections.framework in Frameworks */,
			);
			runOnlyForDeploymentPostprocessing = 0;
		};
/* End PBXFrameworksBuildPhase section */

/* Begin PBXGroup section */
		13A0CD542F9F656B57AA6C38 /* Frameworks */ = {
			isa = PBXGroup;
			children = (
				59A37848AAE1EDA0B07366A8 /* Pods_ClassroomConnections.framework */,
			);
			name = Frameworks;
			sourceTree = "<group>";
		};
		47BD5876238A2D45008FC1D7 /* Xibs */ = {
			isa = PBXGroup;
			children = (
				4789B4D123CEC53000293268 /* messageSelfCell.xib */,
				898942E123AFF2DA00DF152B /* replyCell.xib */,
				47BD586F238A2D2C008FC1D7 /* AddClass.xib */,
				9C6D23AA238A02620072CE2B /* MessageCell.xib */,
			);
			path = Xibs;
			sourceTree = "<group>";
		};
		47BD5878238A2D8A008FC1D7 /* Classes */ = {
			isa = PBXGroup;
			children = (
				9C6D239B2389F44F0072CE2B /* Message.swift */,
				47BD5871238A2D2C008FC1D7 /* Class.swift */,
			);
			name = Classes;
			path = ..;
			sourceTree = "<group>";
		};
		47BD5879238A2D9E008FC1D7 /* Awakes */ = {
			isa = PBXGroup;
			children = (
				47BD586E238A2D2C008FC1D7 /* AddClass.swift */,
				9C6D23A9238A02620072CE2B /* MessageCell.swift */,
				898942E023AFF2D900DF152B /* replyCell.swift */,
				4789B4D023CEC53000293268 /* messageSelfCell.swift */,
			);
			path = Awakes;
			sourceTree = "<group>";
		};
		47D507962389D955006E46EE = {
			isa = PBXGroup;
			children = (
				9C79F79723AEE96C000CA232 /* AuthHandler.swift */,
				47D507A12389D955006E46EE /* ClassroomConnections */,
				47D507A02389D955006E46EE /* Products */,
				BB96B460F465233A28DA9A08 /* Pods */,
				13A0CD542F9F656B57AA6C38 /* Frameworks */,
			);
			sourceTree = "<group>";
		};
		47D507A02389D955006E46EE /* Products */ = {
			isa = PBXGroup;
			children = (
				47D5079F2389D955006E46EE /* ClassroomConnections.app */,
			);
			name = Products;
			sourceTree = "<group>";
		};
		47D507A12389D955006E46EE /* ClassroomConnections */ = {
			isa = PBXGroup;
			children = (
				9C79F79B23AEE9F6000CA232 /* AuthManager.swift */,
				47D507A22389D955006E46EE /* AppDelegate.swift */,
				47D507A42389D955006E46EE /* SceneDelegate.swift */,
				8951D3AB2389E7BB002EC4F5 /* ViewControllers */,
				47D507A82389D955006E46EE /* Main.storyboard */,
				47BD5879238A2D9E008FC1D7 /* Awakes */,
				47BD5878238A2D8A008FC1D7 /* Classes */,
				47BD5876238A2D45008FC1D7 /* Xibs */,
				47D507AB2389D956006E46EE /* Assets.xcassets */,
				47D507AD2389D956006E46EE /* LaunchScreen.storyboard */,
				47D507B02389D956006E46EE /* Info.plist */,
				47719D742389DF0200FC5350 /* GoogleService-Info.plist */,
			);
			path = ClassroomConnections;
			sourceTree = "<group>";
		};
		8951D3AB2389E7BB002EC4F5 /* ViewControllers */ = {
			isa = PBXGroup;
			children = (
				4718962B23B320C800F34C17 /* Answer.swift */,
				9C79F79923AEE9A9000CA232 /* AuthHandler.swift */,
				47D507A62389D955006E46EE /* RegisterViewController.swift */,
				47719D812389E9A600FC5350 /* LoginViewController.swift */,
				47719D832389E9C500FC5350 /* TeachersClassChatViewController.swift */,
				4707C9F0238A5B6F00871B0A /* StudentClassChatViewController.swift */,
				47719D872389EA1300FC5350 /* ChecklistViewController.swift */,
				47BD5870238A2D2C008FC1D7 /* TeacherClasses.swift */,
				8951D3B2238A56D1002EC4F5 /* StudentClasses.swift */,
				9CD6EB98238A4EC1000A6A33 /* StudentConflictCalendar.swift */,
				9CD6EB9A238A8129000A6A33 /* TeacherConflictCalendar.swift */,
				476D3B0724218FC800C3200A /* ForgotPasswordViewController.swift */,
				89E2F1A5243FFEB400138365 /* InstructionsViewController.swift */,
			);
			path = ViewControllers;
			sourceTree = "<group>";
		};
		BB96B460F465233A28DA9A08 /* Pods */ = {
			isa = PBXGroup;
			children = (
				128D7C30F7C0141AF480231D /* Pods-ClassroomConnections.debug.xcconfig */,
				C51E0EFEA1E1F5DBFBDE543B /* Pods-ClassroomConnections.release.xcconfig */,
			);
			path = Pods;
			sourceTree = "<group>";
		};
/* End PBXGroup section */

/* Begin PBXNativeTarget section */
		47D5079E2389D955006E46EE /* ClassroomConnections */ = {
			isa = PBXNativeTarget;
			buildConfigurationList = 47D507B32389D956006E46EE /* Build configuration list for PBXNativeTarget "ClassroomConnections" */;
			buildPhases = (
				F6DB382AC559E0B88C78E51D /* [CP] Check Pods Manifest.lock */,
				47D5079B2389D955006E46EE /* Sources */,
				47D5079C2389D955006E46EE /* Frameworks */,
				47D5079D2389D955006E46EE /* Resources */,
				26510DAC07D16F08CB2C233B /* [CP] Embed Pods Frameworks */,
			);
			buildRules = (
			);
			dependencies = (
			);
			name = ClassroomConnections;
			packageProductDependencies = (
				478C88D523DD32560076178A /* IQKeyboardManagerSwift */,
			);
			productName = ClassroomConnections;
			productReference = 47D5079F2389D955006E46EE /* ClassroomConnections.app */;
			productType = "com.apple.product-type.application";
		};
/* End PBXNativeTarget section */

/* Begin PBXProject section */
		47D507972389D955006E46EE /* Project object */ = {
			isa = PBXProject;
			attributes = {
				LastSwiftUpdateCheck = 1120;
				LastUpgradeCheck = 1120;
				ORGANIZATIONNAME = CodifyAsia;
				TargetAttributes = {
					47D5079E2389D955006E46EE = {
						CreatedOnToolsVersion = 11.2.1;
					};
				};
			};
			buildConfigurationList = 47D5079A2389D955006E46EE /* Build configuration list for PBXProject "ClassroomConnections" */;
			compatibilityVersion = "Xcode 9.3";
			developmentRegion = en;
			hasScannedForEncodings = 0;
			knownRegions = (
				en,
				Base,
			);
			mainGroup = 47D507962389D955006E46EE;
			packageReferences = (
				478C88D423DD32560076178A /* XCRemoteSwiftPackageReference "IQKeyboardManager" */,
			);
			productRefGroup = 47D507A02389D955006E46EE /* Products */;
			projectDirPath = "";
			projectRoot = "";
			targets = (
				47D5079E2389D955006E46EE /* ClassroomConnections */,
			);
		};
/* End PBXProject section */

/* Begin PBXResourcesBuildPhase section */
		47D5079D2389D955006E46EE /* Resources */ = {
			isa = PBXResourcesBuildPhase;
			buildActionMask = 2147483647;
			files = (
				898942E323AFF2DA00DF152B /* replyCell.xib in Resources */,
				47BD5873238A2D2C008FC1D7 /* AddClass.xib in Resources */,
				9C6D23AC238A02620072CE2B /* MessageCell.xib in Resources */,
				47D507AF2389D956006E46EE /* LaunchScreen.storyboard in Resources */,
				47719D752389DF0200FC5350 /* GoogleService-Info.plist in Resources */,
				4789B4D323CEC53000293268 /* messageSelfCell.xib in Resources */,
				47D507AC2389D956006E46EE /* Assets.xcassets in Resources */,
				47D507AA2389D955006E46EE /* Main.storyboard in Resources */,
			);
			runOnlyForDeploymentPostprocessing = 0;
		};
/* End PBXResourcesBuildPhase section */

/* Begin PBXShellScriptBuildPhase section */
		26510DAC07D16F08CB2C233B /* [CP] Embed Pods Frameworks */ = {
			isa = PBXShellScriptBuildPhase;
			buildActionMask = 2147483647;
			files = (
			);
			inputFileListPaths = (
				"${PODS_ROOT}/Target Support Files/Pods-ClassroomConnections/Pods-ClassroomConnections-frameworks-${CONFIGURATION}-input-files.xcfilelist",
			);
			name = "[CP] Embed Pods Frameworks";
			outputFileListPaths = (
				"${PODS_ROOT}/Target Support Files/Pods-ClassroomConnections/Pods-ClassroomConnections-frameworks-${CONFIGURATION}-output-files.xcfilelist",
			);
			runOnlyForDeploymentPostprocessing = 0;
			shellPath = /bin/sh;
			shellScript = "\"${PODS_ROOT}/Target Support Files/Pods-ClassroomConnections/Pods-ClassroomConnections-frameworks.sh\"\n";
			showEnvVarsInLog = 0;
		};
		F6DB382AC559E0B88C78E51D /* [CP] Check Pods Manifest.lock */ = {
			isa = PBXShellScriptBuildPhase;
			buildActionMask = 2147483647;
			files = (
			);
			inputFileListPaths = (
			);
			inputPaths = (
				"${PODS_PODFILE_DIR_PATH}/Podfile.lock",
				"${PODS_ROOT}/Manifest.lock",
			);
			name = "[CP] Check Pods Manifest.lock";
			outputFileListPaths = (
			);
			outputPaths = (
				"$(DERIVED_FILE_DIR)/Pods-ClassroomConnections-checkManifestLockResult.txt",
			);
			runOnlyForDeploymentPostprocessing = 0;
			shellPath = /bin/sh;
			shellScript = "diff \"${PODS_PODFILE_DIR_PATH}/Podfile.lock\" \"${PODS_ROOT}/Manifest.lock\" > /dev/null\nif [ $? != 0 ] ; then\n    # print error to STDERR\n    echo \"error: The sandbox is not in sync with the Podfile.lock. Run 'pod install' or update your CocoaPods installation.\" >&2\n    exit 1\nfi\n# This output is used by Xcode 'outputs' to avoid re-running this script phase.\necho \"SUCCESS\" > \"${SCRIPT_OUTPUT_FILE_0}\"\n";
			showEnvVarsInLog = 0;
		};
/* End PBXShellScriptBuildPhase section */

/* Begin PBXSourcesBuildPhase section */
		47D5079B2389D955006E46EE /* Sources */ = {
			isa = PBXSourcesBuildPhase;
			buildActionMask = 2147483647;
			files = (
				47BD5875238A2D2C008FC1D7 /* Class.swift in Sources */,
				9C79F79C23AEE9F6000CA232 /* AuthManager.swift in Sources */,
				476D3B0824218FC800C3200A /* ForgotPasswordViewController.swift in Sources */,
				47BD5872238A2D2C008FC1D7 /* AddClass.swift in Sources */,
				9CD6EB99238A4EC1000A6A33 /* StudentConflictCalendar.swift in Sources */,
				47719D822389E9A600FC5350 /* LoginViewController.swift in Sources */,
				4789B4D223CEC53000293268 /* messageSelfCell.swift in Sources */,
				47719D882389EA1300FC5350 /* ChecklistViewController.swift in Sources */,
				47D507A72389D955006E46EE /* RegisterViewController.swift in Sources */,
				4718962C23B320C800F34C17 /* Answer.swift in Sources */,
				9C79F79A23AEE9A9000CA232 /* AuthHandler.swift in Sources */,
				47D507A32389D955006E46EE /* AppDelegate.swift in Sources */,
				898942E223AFF2DA00DF152B /* replyCell.swift in Sources */,
				9C6D239C2389F44F0072CE2B /* Message.swift in Sources */,
				47BD5874238A2D2C008FC1D7 /* TeacherClasses.swift in Sources */,
				4707C9F1238A5B6F00871B0A /* StudentClassChatViewController.swift in Sources */,
				9CD6EB9B238A8129000A6A33 /* TeacherConflictCalendar.swift in Sources */,
				47719D842389E9C500FC5350 /* TeachersClassChatViewController.swift in Sources */,
				9C79F79823AEE96C000CA232 /* AuthHandler.swift in Sources */,
				89E2F1A6243FFEB400138365 /* InstructionsViewController.swift in Sources */,
				47D507A52389D955006E46EE /* SceneDelegate.swift in Sources */,
				9C6D23AB238A02620072CE2B /* MessageCell.swift in Sources */,
				8951D3B3238A56D1002EC4F5 /* StudentClasses.swift in Sources */,
			);
			runOnlyForDeploymentPostprocessing = 0;
		};
/* End PBXSourcesBuildPhase section */

/* Begin PBXVariantGroup section */
		47D507A82389D955006E46EE /* Main.storyboard */ = {
			isa = PBXVariantGroup;
			children = (
				47D507A92389D955006E46EE /* Base */,
			);
			name = Main.storyboard;
			sourceTree = "<group>";
		};
		47D507AD2389D956006E46EE /* LaunchScreen.storyboard */ = {
			isa = PBXVariantGroup;
			children = (
				47D507AE2389D956006E46EE /* Base */,
			);
			name = LaunchScreen.storyboard;
			sourceTree = "<group>";
		};
/* End PBXVariantGroup section */

/* Begin XCBuildConfiguration section */
		47D507B12389D956006E46EE /* Debug */ = {
			isa = XCBuildConfiguration;
			buildSettings = {
				ALWAYS_SEARCH_USER_PATHS = NO;
				CLANG_ANALYZER_NONNULL = YES;
				CLANG_ANALYZER_NUMBER_OBJECT_CONVERSION = YES_AGGRESSIVE;
				CLANG_CXX_LANGUAGE_STANDARD = "gnu++14";
				CLANG_CXX_LIBRARY = "libc++";
				CLANG_ENABLE_MODULES = YES;
				CLANG_ENABLE_OBJC_ARC = YES;
				CLANG_ENABLE_OBJC_WEAK = YES;
				CLANG_WARN_BLOCK_CAPTURE_AUTORELEASING = YES;
				CLANG_WARN_BOOL_CONVERSION = YES;
				CLANG_WARN_COMMA = YES;
				CLANG_WARN_CONSTANT_CONVERSION = YES;
				CLANG_WARN_DEPRECATED_OBJC_IMPLEMENTATIONS = YES;
				CLANG_WARN_DIRECT_OBJC_ISA_USAGE = YES_ERROR;
				CLANG_WARN_DOCUMENTATION_COMMENTS = YES;
				CLANG_WARN_EMPTY_BODY = YES;
				CLANG_WARN_ENUM_CONVERSION = YES;
				CLANG_WARN_INFINITE_RECURSION = YES;
				CLANG_WARN_INT_CONVERSION = YES;
				CLANG_WARN_NON_LITERAL_NULL_CONVERSION = YES;
				CLANG_WARN_OBJC_IMPLICIT_RETAIN_SELF = YES;
				CLANG_WARN_OBJC_LITERAL_CONVERSION = YES;
				CLANG_WARN_OBJC_ROOT_CLASS = YES_ERROR;
				CLANG_WARN_RANGE_LOOP_ANALYSIS = YES;
				CLANG_WARN_STRICT_PROTOTYPES = YES;
				CLANG_WARN_SUSPICIOUS_MOVE = YES;
				CLANG_WARN_UNGUARDED_AVAILABILITY = YES_AGGRESSIVE;
				CLANG_WARN_UNREACHABLE_CODE = YES;
				CLANG_WARN__DUPLICATE_METHOD_MATCH = YES;
				COPY_PHASE_STRIP = NO;
				DEBUG_INFORMATION_FORMAT = dwarf;
				ENABLE_STRICT_OBJC_MSGSEND = YES;
				ENABLE_TESTABILITY = YES;
				GCC_C_LANGUAGE_STANDARD = gnu11;
				GCC_DYNAMIC_NO_PIC = NO;
				GCC_NO_COMMON_BLOCKS = YES;
				GCC_OPTIMIZATION_LEVEL = 0;
				GCC_PREPROCESSOR_DEFINITIONS = (
					"DEBUG=1",
					"$(inherited)",
				);
				GCC_WARN_64_TO_32_BIT_CONVERSION = YES;
				GCC_WARN_ABOUT_RETURN_TYPE = YES_ERROR;
				GCC_WARN_UNDECLARED_SELECTOR = YES;
				GCC_WARN_UNINITIALIZED_AUTOS = YES_AGGRESSIVE;
				GCC_WARN_UNUSED_FUNCTION = YES;
				GCC_WARN_UNUSED_VARIABLE = YES;
				IPHONEOS_DEPLOYMENT_TARGET = 13.2;
				MTL_ENABLE_DEBUG_INFO = INCLUDE_SOURCE;
				MTL_FAST_MATH = YES;
				ONLY_ACTIVE_ARCH = YES;
				SDKROOT = iphoneos;
				SWIFT_ACTIVE_COMPILATION_CONDITIONS = DEBUG;
				SWIFT_OPTIMIZATION_LEVEL = "-Onone";
			};
			name = Debug;
		};
		47D507B22389D956006E46EE /* Release */ = {
			isa = XCBuildConfiguration;
			buildSettings = {
				ALWAYS_SEARCH_USER_PATHS = NO;
				CLANG_ANALYZER_NONNULL = YES;
				CLANG_ANALYZER_NUMBER_OBJECT_CONVERSION = YES_AGGRESSIVE;
				CLANG_CXX_LANGUAGE_STANDARD = "gnu++14";
				CLANG_CXX_LIBRARY = "libc++";
				CLANG_ENABLE_MODULES = YES;
				CLANG_ENABLE_OBJC_ARC = YES;
				CLANG_ENABLE_OBJC_WEAK = YES;
				CLANG_WARN_BLOCK_CAPTURE_AUTORELEASING = YES;
				CLANG_WARN_BOOL_CONVERSION = YES;
				CLANG_WARN_COMMA = YES;
				CLANG_WARN_CONSTANT_CONVERSION = YES;
				CLANG_WARN_DEPRECATED_OBJC_IMPLEMENTATIONS = YES;
				CLANG_WARN_DIRECT_OBJC_ISA_USAGE = YES_ERROR;
				CLANG_WARN_DOCUMENTATION_COMMENTS = YES;
				CLANG_WARN_EMPTY_BODY = YES;
				CLANG_WARN_ENUM_CONVERSION = YES;
				CLANG_WARN_INFINITE_RECURSION = YES;
				CLANG_WARN_INT_CONVERSION = YES;
				CLANG_WARN_NON_LITERAL_NULL_CONVERSION = YES;
				CLANG_WARN_OBJC_IMPLICIT_RETAIN_SELF = YES;
				CLANG_WARN_OBJC_LITERAL_CONVERSION = YES;
				CLANG_WARN_OBJC_ROOT_CLASS = YES_ERROR;
				CLANG_WARN_RANGE_LOOP_ANALYSIS = YES;
				CLANG_WARN_STRICT_PROTOTYPES = YES;
				CLANG_WARN_SUSPICIOUS_MOVE = YES;
				CLANG_WARN_UNGUARDED_AVAILABILITY = YES_AGGRESSIVE;
				CLANG_WARN_UNREACHABLE_CODE = YES;
				CLANG_WARN__DUPLICATE_METHOD_MATCH = YES;
				COPY_PHASE_STRIP = NO;
				DEBUG_INFORMATION_FORMAT = "dwarf-with-dsym";
				ENABLE_NS_ASSERTIONS = NO;
				ENABLE_STRICT_OBJC_MSGSEND = YES;
				GCC_C_LANGUAGE_STANDARD = gnu11;
				GCC_NO_COMMON_BLOCKS = YES;
				GCC_WARN_64_TO_32_BIT_CONVERSION = YES;
				GCC_WARN_ABOUT_RETURN_TYPE = YES_ERROR;
				GCC_WARN_UNDECLARED_SELECTOR = YES;
				GCC_WARN_UNINITIALIZED_AUTOS = YES_AGGRESSIVE;
				GCC_WARN_UNUSED_FUNCTION = YES;
				GCC_WARN_UNUSED_VARIABLE = YES;
				IPHONEOS_DEPLOYMENT_TARGET = 13.2;
				MTL_ENABLE_DEBUG_INFO = NO;
				MTL_FAST_MATH = YES;
				SDKROOT = iphoneos;
				SWIFT_COMPILATION_MODE = wholemodule;
				SWIFT_OPTIMIZATION_LEVEL = "-O";
				VALIDATE_PRODUCT = YES;
			};
			name = Release;
		};
		47D507B42389D956006E46EE /* Debug */ = {
			isa = XCBuildConfiguration;
			baseConfigurationReference = 128D7C30F7C0141AF480231D /* Pods-ClassroomConnections.debug.xcconfig */;
			buildSettings = {
				ASSETCATALOG_COMPILER_APPICON_NAME = AppIcon;
				CODE_SIGN_STYLE = Automatic;
				DEVELOPMENT_TEAM = 2386LZ47TS;
				INFOPLIST_FILE = ClassroomConnections/Info.plist;
				LD_RUNPATH_SEARCH_PATHS = (
					"$(inherited)",
					"@executable_path/Frameworks",
				);
				PRODUCT_BUNDLE_IDENTIFIER = com.CodifyAsia.ClassroomConnections;
				PRODUCT_NAME = "$(TARGET_NAME)";
				SWIFT_VERSION = 5.0;
				TARGETED_DEVICE_FAMILY = "1,2";
			};
			name = Debug;
		};
		47D507B52389D956006E46EE /* Release */ = {
			isa = XCBuildConfiguration;
			baseConfigurationReference = C51E0EFEA1E1F5DBFBDE543B /* Pods-ClassroomConnections.release.xcconfig */;
			buildSettings = {
				ASSETCATALOG_COMPILER_APPICON_NAME = AppIcon;
				CODE_SIGN_STYLE = Automatic;
				DEVELOPMENT_TEAM = 2386LZ47TS;
				INFOPLIST_FILE = ClassroomConnections/Info.plist;
				LD_RUNPATH_SEARCH_PATHS = (
					"$(inherited)",
					"@executable_path/Frameworks",
				);
				PRODUCT_BUNDLE_IDENTIFIER = com.CodifyAsia.ClassroomConnections;
				PRODUCT_NAME = "$(TARGET_NAME)";
				SWIFT_VERSION = 5.0;
				TARGETED_DEVICE_FAMILY = "1,2";
			};
			name = Release;
		};
/* End XCBuildConfiguration section */

/* Begin XCConfigurationList section */
		47D5079A2389D955006E46EE /* Build configuration list for PBXProject "ClassroomConnections" */ = {
			isa = XCConfigurationList;
			buildConfigurations = (
				47D507B12389D956006E46EE /* Debug */,
				47D507B22389D956006E46EE /* Release */,
			);
			defaultConfigurationIsVisible = 0;
			defaultConfigurationName = Release;
		};
		47D507B32389D956006E46EE /* Build configuration list for PBXNativeTarget "ClassroomConnections" */ = {
			isa = XCConfigurationList;
			buildConfigurations = (
				47D507B42389D956006E46EE /* Debug */,
				47D507B52389D956006E46EE /* Release */,
			);
			defaultConfigurationIsVisible = 0;
			defaultConfigurationName = Release;
		};
/* End XCConfigurationList section */

/* Begin XCRemoteSwiftPackageReference section */
		478C88D423DD32560076178A /* XCRemoteSwiftPackageReference "IQKeyboardManager" */ = {
			isa = XCRemoteSwiftPackageReference;
			repositoryURL = "https://github.com/hackiftekhar/IQKeyboardManager";
			requirement = {
				kind = upToNextMajorVersion;
				minimumVersion = 6.5.5;
			};
		};
/* End XCRemoteSwiftPackageReference section */

/* Begin XCSwiftPackageProductDependency section */
		478C88D523DD32560076178A /* IQKeyboardManagerSwift */ = {
			isa = XCSwiftPackageProductDependency;
			package = 478C88D423DD32560076178A /* XCRemoteSwiftPackageReference "IQKeyboardManager" */;
			productName = IQKeyboardManagerSwift;
		};
/* End XCSwiftPackageProductDependency section */
	};
	rootObject = 47D507972389D955006E46EE /* Project object */;
}
